
Microsoft Visual Studio Solution File, Format Version 12.00
# Visual Studio 15
VisualStudioVersion = 15.0.28010.2003
MinimumVisualStudioVersion = 10.0.40219.1
Project("{FAE04EC0-301F-11D3-BF4B-00C04F79EFBC}") = "SharedDLLCleanup", "SharedDLLCleanup\SharedDLLCleanup.csproj", "{0EC2B400-738A-44E8-AA90-3942EF0CB4D1}"
EndProject
Global
	GlobalSection(SolutionConfigurationPlatforms) = preSolution
		Debug|x86 = Debug|x86
		Release|x86 = Release|x86
	EndGlobalSection
	GlobalSection(ProjectConfigurationPlatforms) = postSolution
		{0EC2B400-738A-44E8-AA90-3942EF0CB4D1}.Debug|x86.ActiveCfg = Debug|x86
		{0EC2B400-738A-44E8-AA90-3942EF0CB4D1}.Debug|x86.Build.0 = Debug|x86
		{0EC2B400-738A-44E8-AA90-3942EF0CB4D1}.Release|x86.ActiveCfg = Release|x86
		{0EC2B400-738A-44E8-AA90-3942EF0CB4D1}.Release|x86.Build.0 = Release|x86
	EndGlobalSection
	GlobalSection(SolutionProperties) = preSolution
		HideSolutionNode = FALSE
	EndGlobalSection
	GlobalSection(ExtensibilityGlobals) = postSolution
		SolutionGuid = {D2B814A1-A3EC-4F4A-951F-869A4AA03184}
	EndGlobalSection
EndGlobal
